
Microsoft Visual Studio Solution File, Format Version 12.00
# Visual Studio Version 17
VisualStudioVersion = 17.11.35222.181
MinimumVisualStudioVersion = 10.0.40219.1
Project("{FAE04EC0-301F-11D3-BF4B-00C04F79EFBC}") = "OVSSimpleCollegeCalculator", "OVSSimpleCollegeCalculator.csproj", "{DCB6F7CE-2EEB-448B-9A22-47A731535554}"
EndProject
Global
	GlobalSection(SolutionConfigurationPlatforms) = preSolution
		Debug|Any CPU = Debug|Any CPU
		Release|Any CPU = Release|Any CPU
	EndGlobalSection
	GlobalSection(ProjectConfigurationPlatforms) = postSolution
		{DCB6F7CE-2EEB-448B-9A22-47A731535554}.Debug|Any CPU.ActiveCfg = Debug|Any CPU
		{DCB6F7CE-2EEB-448B-9A22-47A731535554}.Debug|Any CPU.Build.0 = Debug|Any CPU
		{DCB6F7CE-2EEB-448B-9A22-47A731535554}.Release|Any CPU.ActiveCfg = Release|Any CPU
		{DCB6F7CE-2EEB-448B-9A22-47A731535554}.Release|Any CPU.Build.0 = Release|Any CPU
	EndGlobalSection
	GlobalSection(SolutionProperties) = preSolution
		HideSolutionNode = FALSE
	EndGlobalSection
	GlobalSection(ExtensibilityGlobals) = postSolution
		SolutionGuid = {DB927B35-E895-4961-9A71-56B8E541F780}
	EndGlobalSection
EndGlobal
